
Microsoft Visual Studio Solution File, Format Version 12.00
# Visual Studio Version 16
VisualStudioVersion = 16.0.31321.278
MinimumVisualStudioVersion = 10.0.40219.1
Project("{FAE04EC0-301F-11D3-BF4B-00C04F79EFBC}") = "TgBot", "TgBot\TgBot.csproj", "{D8DE9F36-8831-4429-A35B-C82635551632}"
EndProject
Global
	GlobalSection(SolutionConfigurationPlatforms) = preSolution
		Debug|Any CPU = Debug|Any CPU
		Release|Any CPU = Release|Any CPU
	EndGlobalSection
	GlobalSection(ProjectConfigurationPlatforms) = postSolution
		{D8DE9F36-8831-4429-A35B-C82635551632}.Debug|Any CPU.ActiveCfg = Debug|Any CPU
		{D8DE9F36-8831-4429-A35B-C82635551632}.Debug|Any CPU.Build.0 = Debug|Any CPU
		{D8DE9F36-8831-4429-A35B-C82635551632}.Release|Any CPU.ActiveCfg = Release|Any CPU
		{D8DE9F36-8831-4429-A35B-C82635551632}.Release|Any CPU.Build.0 = Release|Any CPU
	EndGlobalSection
	GlobalSection(SolutionProperties) = preSolution
		HideSolutionNode = FALSE
	EndGlobalSection
	GlobalSection(ExtensibilityGlobals) = postSolution
		SolutionGuid = {CABEA3F1-C998-4B92-80AB-6DD9467F4F96}
	EndGlobalSection
EndGlobal
